// !$*UTF8*$!
{
	archiveVersion = 1;
	classes = {
	};
	objectVersion = 56;
	objects = {

/* Begin PBXBuildFile section */
		5561DFCF2BD7C50600A203BE /* AppDelegate.swift in Sources */ = {isa = PBXBuildFile; fileRef = 5561DFCE2BD7C50600A203BE /* AppDelegate.swift */; };
		5561DFD12BD7C50600A203BE /* SceneDelegate.swift in Sources */ = {isa = PBXBuildFile; fileRef = 5561DFD02BD7C50600A203BE /* SceneDelegate.swift */; };
		5561DFD82BD7C50800A203BE /* Assets.xcassets in Resources */ = {isa = PBXBuildFile; fileRef = 5561DFD72BD7C50800A203BE /* Assets.xcassets */; };
		5561DFDB2BD7C50800A203BE /* Base in Resources */ = {isa = PBXBuildFile; fileRef = 5561DFDA2BD7C50800A203BE /* Base */; };
		5561DFE62BD7C69C00A203BE /* FeedViewController.swift in Sources */ = {isa = PBXBuildFile; fileRef = 5561DFE52BD7C69C00A203BE /* FeedViewController.swift */; };
		5561DFE92BD7C6EC00A203BE /* SnapKit in Frameworks */ = {isa = PBXBuildFile; productRef = 5561DFE82BD7C6EC00A203BE /* SnapKit */; };
		5561DFEC2BD7CC7100A203BE /* LogoView.swift in Sources */ = {isa = PBXBuildFile; fileRef = 5561DFEB2BD7CC7100A203BE /* LogoView.swift */; };
		5561DFEE2BD7D64600A203BE /* FeedItemType.swift in Sources */ = {isa = PBXBuildFile; fileRef = 5561DFED2BD7D64600A203BE /* FeedItemType.swift */; };
		5561DFF02BD7D68100A203BE /* FeedStoriesItemCellInfo.swift in Sources */ = {isa = PBXBuildFile; fileRef = 5561DFEF2BD7D68100A203BE /* FeedStoriesItemCellInfo.swift */; };
		5561DFF22BD7D79C00A203BE /* FeedPostItemPost.swift in Sources */ = {isa = PBXBuildFile; fileRef = 5561DFF12BD7D79C00A203BE /* FeedPostItemPost.swift */; };
		5561DFF42BD7DD9D00A203BE /* FeedStoriesSetCell.swift in Sources */ = {isa = PBXBuildFile; fileRef = 5561DFF32BD7DD9D00A203BE /* FeedStoriesSetCell.swift */; };
		5561DFF72BD7DE2D00A203BE /* FeedPostCell.swift in Sources */ = {isa = PBXBuildFile; fileRef = 5561DFF62BD7DE2D00A203BE /* FeedPostCell.swift */; };
		5561DFF92BD7E30700A203BE /* StoriesitemCell.swift in Sources */ = {isa = PBXBuildFile; fileRef = 5561DFF82BD7E30700A203BE /* StoriesitemCell.swift */; };
/* End PBXBuildFile section */

/* Begin PBXFileReference section */
		5561DFCB2BD7C50600A203BE /* Instagram.app */ = {isa = PBXFileReference; explicitFileType = wrapper.application; includeInIndex = 0; path = Instagram.app; sourceTree = BUILT_PRODUCTS_DIR; };
		5561DFCE2BD7C50600A203BE /* AppDelegate.swift */ = {isa = PBXFileReference; lastKnownFileType = sourcecode.swift; path = AppDelegate.swift; sourceTree = "<group>"; };
		5561DFD02BD7C50600A203BE /* SceneDelegate.swift */ = {isa = PBXFileReference; lastKnownFileType = sourcecode.swift; path = SceneDelegate.swift; sourceTree = "<group>"; };
		5561DFD72BD7C50800A203BE /* Assets.xcassets */ = {isa = PBXFileReference; lastKnownFileType = folder.assetcatalog; path = Assets.xcassets; sourceTree = "<group>"; };
		5561DFDA2BD7C50800A203BE /* Base */ = {isa = PBXFileReference; lastKnownFileType = file.storyboard; name = Base; path = Base.lproj/LaunchScreen.storyboard; sourceTree = "<group>"; };
		5561DFDC2BD7C50800A203BE /* Info.plist */ = {isa = PBXFileReference; lastKnownFileType = text.plist.xml; path = Info.plist; sourceTree = "<group>"; };
		5561DFE52BD7C69C00A203BE /* FeedViewController.swift */ = {isa = PBXFileReference; lastKnownFileType = sourcecode.swift; path = FeedViewController.swift; sourceTree = "<group>"; };
		5561DFEB2BD7CC7100A203BE /* LogoView.swift */ = {isa = PBXFileReference; lastKnownFileType = sourcecode.swift; path = LogoView.swift; sourceTree = "<group>"; };
		5561DFED2BD7D64600A203BE /* FeedItemType.swift */ = {isa = PBXFileReference; lastKnownFileType = sourcecode.swift; path = FeedItemType.swift; sourceTree = "<group>"; };
		5561DFEF2BD7D68100A203BE /* FeedStoriesItemCellInfo.swift */ = {isa = PBXFileReference; lastKnownFileType = sourcecode.swift; path = FeedStoriesItemCellInfo.swift; sourceTree = "<group>"; };
		5561DFF12BD7D79C00A203BE /* FeedPostItemPost.swift */ = {isa = PBXFileReference; lastKnownFileType = sourcecode.swift; path = FeedPostItemPost.swift; sourceTree = "<group>"; };
		5561DFF32BD7DD9D00A203BE /* FeedStoriesSetCell.swift */ = {isa = PBXFileReference; lastKnownFileType = sourcecode.swift; path = FeedStoriesSetCell.swift; sourceTree = "<group>"; };
		5561DFF62BD7DE2D00A203BE /* FeedPostCell.swift */ = {isa = PBXFileReference; lastKnownFileType = sourcecode.swift; path = FeedPostCell.swift; sourceTree = "<group>"; };
		5561DFF82BD7E30700A203BE /* StoriesitemCell.swift */ = {isa = PBXFileReference; lastKnownFileType = sourcecode.swift; path = StoriesitemCell.swift; sourceTree = "<group>"; };
/* End PBXFileReference section */

/* Begin PBXFrameworksBuildPhase section */
		5561DFC82BD7C50600A203BE /* Frameworks */ = {
			isa = PBXFrameworksBuildPhase;
			buildActionMask = 2147483647;
			files = (
				5561DFE92BD7C6EC00A203BE /* SnapKit in Frameworks */,
			);
			runOnlyForDeploymentPostprocessing = 0;
		};
/* End PBXFrameworksBuildPhase section */

/* Begin PBXGroup section */
		5561DFC22BD7C50600A203BE = {
			isa = PBXGroup;
			children = (
				5561DFCD2BD7C50600A203BE /* Instagram */,
				5561DFCC2BD7C50600A203BE /* Products */,
			);
			sourceTree = "<group>";
		};
		5561DFCC2BD7C50600A203BE /* Products */ = {
			isa = PBXGroup;
			children = (
				5561DFCB2BD7C50600A203BE /* Instagram.app */,
			);
			name = Products;
			sourceTree = "<group>";
		};
		5561DFCD2BD7C50600A203BE /* Instagram */ = {
			isa = PBXGroup;
			children = (
				5561DFEA2BD7CC5B00A203BE /* Views */,
				5561DFE42BD7C68500A203BE /* Feed */,
				5561DFE32BD7C5FF00A203BE /* Resorses */,
				5561DFE22BD7C5DC00A203BE /* Application */,
			);
			path = Instagram;
			sourceTree = "<group>";
		};
		5561DFE22BD7C5DC00A203BE /* Application */ = {
			isa = PBXGroup;
			children = (
				5561DFCE2BD7C50600A203BE /* AppDelegate.swift */,
				5561DFD02BD7C50600A203BE /* SceneDelegate.swift */,
			);
			path = Application;
			sourceTree = "<group>";
		};
		5561DFE32BD7C5FF00A203BE /* Resorses */ = {
			isa = PBXGroup;
			children = (
				5561DFD92BD7C50800A203BE /* LaunchScreen.storyboard */,
				5561DFDC2BD7C50800A203BE /* Info.plist */,
				5561DFD72BD7C50800A203BE /* Assets.xcassets */,
			);
			path = Resorses;
			sourceTree = "<group>";
		};
		5561DFE42BD7C68500A203BE /* Feed */ = {
			isa = PBXGroup;
			children = (
				5561DFE52BD7C69C00A203BE /* FeedViewController.swift */,
				5561DFED2BD7D64600A203BE /* FeedItemType.swift */,
				5561DFEF2BD7D68100A203BE /* FeedStoriesItemCellInfo.swift */,
				5561DFF12BD7D79C00A203BE /* FeedPostItemPost.swift */,
			);
			path = Feed;
			sourceTree = "<group>";
		};
		5561DFEA2BD7CC5B00A203BE /* Views */ = {
			isa = PBXGroup;
			children = (
				5561DFF52BD7DDB700A203BE /* Cell */,
				5561DFEB2BD7CC7100A203BE /* LogoView.swift */,
			);
			path = Views;
			sourceTree = "<group>";
		};
		5561DFF52BD7DDB700A203BE /* Cell */ = {
			isa = PBXGroup;
			children = (
				5561DFF32BD7DD9D00A203BE /* FeedStoriesSetCell.swift */,
				5561DFF62BD7DE2D00A203BE /* FeedPostCell.swift */,
				5561DFF82BD7E30700A203BE /* StoriesitemCell.swift */,
			);
			path = Cell;
			sourceTree = "<group>";
		};
/* End PBXGroup section */

/* Begin PBXNativeTarget section */
		5561DFCA2BD7C50600A203BE /* Instagram */ = {
			isa = PBXNativeTarget;
			buildConfigurationList = 5561DFDF2BD7C50800A203BE /* Build configuration list for PBXNativeTarget "Instagram" */;
			buildPhases = (
				5561DFC72BD7C50600A203BE /* Sources */,
				5561DFC82BD7C50600A203BE /* Frameworks */,
				5561DFC92BD7C50600A203BE /* Resources */,
			);
			buildRules = (
			);
			dependencies = (
			);
			name = Instagram;
			packageProductDependencies = (
				5561DFE82BD7C6EC00A203BE /* SnapKit */,
			);
			productName = Instagram;
			productReference = 5561DFCB2BD7C50600A203BE /* Instagram.app */;
			productType = "com.apple.product-type.application";
		};
/* End PBXNativeTarget section */

/* Begin PBXProject section */
		5561DFC32BD7C50600A203BE /* Project object */ = {
			isa = PBXProject;
			attributes = {
				BuildIndependentTargetsInParallel = 1;
				LastSwiftUpdateCheck = 1530;
				LastUpgradeCheck = 1530;
				TargetAttributes = {
					5561DFCA2BD7C50600A203BE = {
						CreatedOnToolsVersion = 15.3;
					};
				};
			};
			buildConfigurationList = 5561DFC62BD7C50600A203BE /* Build configuration list for PBXProject "Instagram" */;
			compatibilityVersion = "Xcode 14.0";
			developmentRegion = en;
			hasScannedForEncodings = 0;
			knownRegions = (
				en,
				Base,
			);
			mainGroup = 5561DFC22BD7C50600A203BE;
			packageReferences = (
				5561DFE72BD7C6EC00A203BE /* XCRemoteSwiftPackageReference "SnapKit" */,
			);
			productRefGroup = 5561DFCC2BD7C50600A203BE /* Products */;
			projectDirPath = "";
			projectRoot = "";
			targets = (
				5561DFCA2BD7C50600A203BE /* Instagram */,
			);
		};
/* End PBXProject section */

/* Begin PBXResourcesBuildPhase section */
		5561DFC92BD7C50600A203BE /* Resources */ = {
			isa = PBXResourcesBuildPhase;
			buildActionMask = 2147483647;
			files = (
				5561DFD82BD7C50800A203BE /* Assets.xcassets in Resources */,
				5561DFDB2BD7C50800A203BE /* Base in Resources */,
			);
			runOnlyForDeploymentPostprocessing = 0;
		};
/* End PBXResourcesBuildPhase section */

/* Begin PBXSourcesBuildPhase section */
		5561DFC72BD7C50600A203BE /* Sources */ = {
			isa = PBXSourcesBuildPhase;
			buildActionMask = 2147483647;
			files = (
				5561DFCF2BD7C50600A203BE /* AppDelegate.swift in Sources */,
				5561DFEC2BD7CC7100A203BE /* LogoView.swift in Sources */,
				5561DFE62BD7C69C00A203BE /* FeedViewController.swift in Sources */,
				5561DFD12BD7C50600A203BE /* SceneDelegate.swift in Sources */,
				5561DFF92BD7E30700A203BE /* StoriesitemCell.swift in Sources */,
				5561DFEE2BD7D64600A203BE /* FeedItemType.swift in Sources */,
				5561DFF42BD7DD9D00A203BE /* FeedStoriesSetCell.swift in Sources */,
				5561DFF72BD7DE2D00A203BE /* FeedPostCell.swift in Sources */,
				5561DFF22BD7D79C00A203BE /* FeedPostItemPost.swift in Sources */,
				5561DFF02BD7D68100A203BE /* FeedStoriesItemCellInfo.swift in Sources */,
			);
			runOnlyForDeploymentPostprocessing = 0;
		};
/* End PBXSourcesBuildPhase section */

/* Begin PBXVariantGroup section */
		5561DFD92BD7C50800A203BE /* LaunchScreen.storyboard */ = {
			isa = PBXVariantGroup;
			children = (
				5561DFDA2BD7C50800A203BE /* Base */,
			);
			name = LaunchScreen.storyboard;
			sourceTree = "<group>";
		};
/* End PBXVariantGroup section */

/* Begin XCBuildConfiguration section */
		5561DFDD2BD7C50800A203BE /* Debug */ = {
			isa = XCBuildConfiguration;
			buildSettings = {
				ALWAYS_SEARCH_USER_PATHS = NO;
				ASSETCATALOG_COMPILER_GENERATE_SWIFT_ASSET_SYMBOL_EXTENSIONS = YES;
				CLANG_ANALYZER_NONNULL = YES;
				CLANG_ANALYZER_NUMBER_OBJECT_CONVERSION = YES_AGGRESSIVE;
				CLANG_CXX_LANGUAGE_STANDARD = "gnu++20";
				CLANG_ENABLE_MODULES = YES;
				CLANG_ENABLE_OBJC_ARC = YES;
				CLANG_ENABLE_OBJC_WEAK = YES;
				CLANG_WARN_BLOCK_CAPTURE_AUTORELEASING = YES;
				CLANG_WARN_BOOL_CONVERSION = YES;
				CLANG_WARN_COMMA = YES;
				CLANG_WARN_CONSTANT_CONVERSION = YES;
				CLANG_WARN_DEPRECATED_OBJC_IMPLEMENTATIONS = YES;
				CLANG_WARN_DIRECT_OBJC_ISA_USAGE = YES_ERROR;
				CLANG_WARN_DOCUMENTATION_COMMENTS = YES;
				CLANG_WARN_EMPTY_BODY = YES;
				CLANG_WARN_ENUM_CONVERSION = YES;
				CLANG_WARN_INFINITE_RECURSION = YES;
				CLANG_WARN_INT_CONVERSION = YES;
				CLANG_WARN_NON_LITERAL_NULL_CONVERSION = YES;
				CLANG_WARN_OBJC_IMPLICIT_RETAIN_SELF = YES;
				CLANG_WARN_OBJC_LITERAL_CONVERSION = YES;
				CLANG_WARN_OBJC_ROOT_CLASS = YES_ERROR;
				CLANG_WARN_QUOTED_INCLUDE_IN_FRAMEWORK_HEADER = YES;
				CLANG_WARN_RANGE_LOOP_ANALYSIS = YES;
				CLANG_WARN_STRICT_PROTOTYPES = YES;
				CLANG_WARN_SUSPICIOUS_MOVE = YES;
				CLANG_WARN_UNGUARDED_AVAILABILITY = YES_AGGRESSIVE;
				CLANG_WARN_UNREACHABLE_CODE = YES;
				CLANG_WARN__DUPLICATE_METHOD_MATCH = YES;
				COPY_PHASE_STRIP = NO;
				DEBUG_INFORMATION_FORMAT = dwarf;
				ENABLE_STRICT_OBJC_MSGSEND = YES;
				ENABLE_TESTABILITY = YES;
				ENABLE_USER_SCRIPT_SANDBOXING = YES;
				GCC_C_LANGUAGE_STANDARD = gnu17;
				GCC_DYNAMIC_NO_PIC = NO;
				GCC_NO_COMMON_BLOCKS = YES;
				GCC_OPTIMIZATION_LEVEL = 0;
				GCC_PREPROCESSOR_DEFINITIONS = (
					"DEBUG=1",
					"$(inherited)",
				);
				GCC_WARN_64_TO_32_BIT_CONVERSION = YES;
				GCC_WARN_ABOUT_RETURN_TYPE = YES_ERROR;
				GCC_WARN_UNDECLARED_SELECTOR = YES;
				GCC_WARN_UNINITIALIZED_AUTOS = YES_AGGRESSIVE;
				GCC_WARN_UNUSED_FUNCTION = YES;
				GCC_WARN_UNUSED_VARIABLE = YES;
				IPHONEOS_DEPLOYMENT_TARGET = 17.4;
				LOCALIZATION_PREFERS_STRING_CATALOGS = YES;
				MTL_ENABLE_DEBUG_INFO = INCLUDE_SOURCE;
				MTL_FAST_MATH = YES;
				ONLY_ACTIVE_ARCH = YES;
				SDKROOT = iphoneos;
				SWIFT_ACTIVE_COMPILATION_CONDITIONS = "DEBUG $(inherited)";
				SWIFT_OPTIMIZATION_LEVEL = "-Onone";
			};
			name = Debug;
		};
		5561DFDE2BD7C50800A203BE /* Release */ = {
			isa = XCBuildConfiguration;
			buildSettings = {
				ALWAYS_SEARCH_USER_PATHS = NO;
				ASSETCATALOG_COMPILER_GENERATE_SWIFT_ASSET_SYMBOL_EXTENSIONS = YES;
				CLANG_ANALYZER_NONNULL = YES;
				CLANG_ANALYZER_NUMBER_OBJECT_CONVERSION = YES_AGGRESSIVE;
				CLANG_CXX_LANGUAGE_STANDARD = "gnu++20";
				CLANG_ENABLE_MODULES = YES;
				CLANG_ENABLE_OBJC_ARC = YES;
				CLANG_ENABLE_OBJC_WEAK = YES;
				CLANG_WARN_BLOCK_CAPTURE_AUTORELEASING = YES;
				CLANG_WARN_BOOL_CONVERSION = YES;
				CLANG_WARN_COMMA = YES;
				CLANG_WARN_CONSTANT_CONVERSION = YES;
				CLANG_WARN_DEPRECATED_OBJC_IMPLEMENTATIONS = YES;
				CLANG_WARN_DIRECT_OBJC_ISA_USAGE = YES_ERROR;
				CLANG_WARN_DOCUMENTATION_COMMENTS = YES;
				CLANG_WARN_EMPTY_BODY = YES;
				CLANG_WARN_ENUM_CONVERSION = YES;
				CLANG_WARN_INFINITE_RECURSION = YES;
				CLANG_WARN_INT_CONVERSION = YES;
				CLANG_WARN_NON_LITERAL_NULL_CONVERSION = YES;
				CLANG_WARN_OBJC_IMPLICIT_RETAIN_SELF = YES;
				CLANG_WARN_OBJC_LITERAL_CONVERSION = YES;
				CLANG_WARN_OBJC_ROOT_CLASS = YES_ERROR;
				CLANG_WARN_QUOTED_INCLUDE_IN_FRAMEWORK_HEADER = YES;
				CLANG_WARN_RANGE_LOOP_ANALYSIS = YES;
				CLANG_WARN_STRICT_PROTOTYPES = YES;
				CLANG_WARN_SUSPICIOUS_MOVE = YES;
				CLANG_WARN_UNGUARDED_AVAILABILITY = YES_AGGRESSIVE;
				CLANG_WARN_UNREACHABLE_CODE = YES;
				CLANG_WARN__DUPLICATE_METHOD_MATCH = YES;
				COPY_PHASE_STRIP = NO;
				DEBUG_INFORMATION_FORMAT = "dwarf-with-dsym";
				ENABLE_NS_ASSERTIONS = NO;
				ENABLE_STRICT_OBJC_MSGSEND = YES;
				ENABLE_USER_SCRIPT_SANDBOXING = YES;
				GCC_C_LANGUAGE_STANDARD = gnu17;
				GCC_NO_COMMON_BLOCKS = YES;
				GCC_WARN_64_TO_32_BIT_CONVERSION = YES;
				GCC_WARN_ABOUT_RETURN_TYPE = YES_ERROR;
				GCC_WARN_UNDECLARED_SELECTOR = YES;
				GCC_WARN_UNINITIALIZED_AUTOS = YES_AGGRESSIVE;
				GCC_WARN_UNUSED_FUNCTION = YES;
				GCC_WARN_UNUSED_VARIABLE = YES;
				IPHONEOS_DEPLOYMENT_TARGET = 17.4;
				LOCALIZATION_PREFERS_STRING_CATALOGS = YES;
				MTL_ENABLE_DEBUG_INFO = NO;
				MTL_FAST_MATH = YES;
				SDKROOT = iphoneos;
				SWIFT_COMPILATION_MODE = wholemodule;
				VALIDATE_PRODUCT = YES;
			};
			name = Release;
		};
		5561DFE02BD7C50800A203BE /* Debug */ = {
			isa = XCBuildConfiguration;
			buildSettings = {
				ASSETCATALOG_COMPILER_APPICON_NAME = AppIcon;
				ASSETCATALOG_COMPILER_GLOBAL_ACCENT_COLOR_NAME = AccentColor;
				CODE_SIGN_STYLE = Automatic;
				CURRENT_PROJECT_VERSION = 1;
				DEVELOPMENT_TEAM = KPW97R7K5W;
				GENERATE_INFOPLIST_FILE = YES;
				INFOPLIST_FILE = Instagram/Resorses/Info.plist;
				INFOPLIST_KEY_UIApplicationSupportsIndirectInputEvents = YES;
				INFOPLIST_KEY_UILaunchStoryboardName = LaunchScreen;
				INFOPLIST_KEY_UISupportedInterfaceOrientations_iPad = "UIInterfaceOrientationPortrait UIInterfaceOrientationPortraitUpsideDown UIInterfaceOrientationLandscapeLeft UIInterfaceOrientationLandscapeRight";
				INFOPLIST_KEY_UISupportedInterfaceOrientations_iPhone = "UIInterfaceOrientationPortrait UIInterfaceOrientationLandscapeLeft UIInterfaceOrientationLandscapeRight";
				LD_RUNPATH_SEARCH_PATHS = (
					"$(inherited)",
					"@executable_path/Frameworks",
				);
				MARKETING_VERSION = 1.0;
				PRODUCT_BUNDLE_IDENTIFIER = "-9999.Instagram";
				PRODUCT_NAME = "$(TARGET_NAME)";
				SWIFT_EMIT_LOC_STRINGS = YES;
				SWIFT_VERSION = 5.0;
				TARGETED_DEVICE_FAMILY = "1,2";
			};
			name = Debug;
		};
		5561DFE12BD7C50800A203BE /* Release */ = {
			isa = XCBuildConfiguration;
			buildSettings = {
				ASSETCATALOG_COMPILER_APPICON_NAME = AppIcon;
				ASSETCATALOG_COMPILER_GLOBAL_ACCENT_COLOR_NAME = AccentColor;
				CODE_SIGN_STYLE = Automatic;
				CURRENT_PROJECT_VERSION = 1;
				DEVELOPMENT_TEAM = KPW97R7K5W;
				GENERATE_INFOPLIST_FILE = YES;
				INFOPLIST_FILE = Instagram/Resorses/Info.plist;
				INFOPLIST_KEY_UIApplicationSupportsIndirectInputEvents = YES;
				INFOPLIST_KEY_UILaunchStoryboardName = LaunchScreen;
				INFOPLIST_KEY_UISupportedInterfaceOrientations_iPad = "UIInterfaceOrientationPortrait UIInterfaceOrientationPortraitUpsideDown UIInterfaceOrientationLandscapeLeft UIInterfaceOrientationLandscapeRight";
				INFOPLIST_KEY_UISupportedInterfaceOrientations_iPhone = "UIInterfaceOrientationPortrait UIInterfaceOrientationLandscapeLeft UIInterfaceOrientationLandscapeRight";
				LD_RUNPATH_SEARCH_PATHS = (
					"$(inherited)",
					"@executable_path/Frameworks",
				);
				MARKETING_VERSION = 1.0;
				PRODUCT_BUNDLE_IDENTIFIER = "-9999.Instagram";
				PRODUCT_NAME = "$(TARGET_NAME)";
				SWIFT_EMIT_LOC_STRINGS = YES;
				SWIFT_VERSION = 5.0;
				TARGETED_DEVICE_FAMILY = "1,2";
			};
			name = Release;
		};
/* End XCBuildConfiguration section */

/* Begin XCConfigurationList section */
		5561DFC62BD7C50600A203BE /* Build configuration list for PBXProject "Instagram" */ = {
			isa = XCConfigurationList;
			buildConfigurations = (
				5561DFDD2BD7C50800A203BE /* Debug */,
				5561DFDE2BD7C50800A203BE /* Release */,
			);
			defaultConfigurationIsVisible = 0;
			defaultConfigurationName = Release;
		};
		5561DFDF2BD7C50800A203BE /* Build configuration list for PBXNativeTarget "Instagram" */ = {
			isa = XCConfigurationList;
			buildConfigurations = (
				5561DFE02BD7C50800A203BE /* Debug */,
				5561DFE12BD7C50800A203BE /* Release */,
			);
			defaultConfigurationIsVisible = 0;
			defaultConfigurationName = Release;
		};
/* End XCConfigurationList section */

/* Begin XCRemoteSwiftPackageReference section */
		5561DFE72BD7C6EC00A203BE /* XCRemoteSwiftPackageReference "SnapKit" */ = {
			isa = XCRemoteSwiftPackageReference;
			repositoryURL = "https://github.com/SnapKit/SnapKit";
			requirement = {
				kind = upToNextMajorVersion;
				minimumVersion = 5.7.1;
			};
		};
/* End XCRemoteSwiftPackageReference section */

/* Begin XCSwiftPackageProductDependency section */
		5561DFE82BD7C6EC00A203BE /* SnapKit */ = {
			isa = XCSwiftPackageProductDependency;
			package = 5561DFE72BD7C6EC00A203BE /* XCRemoteSwiftPackageReference "SnapKit" */;
			productName = SnapKit;
		};
/* End XCSwiftPackageProductDependency section */
	};
	rootObject = 5561DFC32BD7C50600A203BE /* Project object */;
}
